
Microsoft Visual Studio Solution File, Format Version 12.00
# Visual Studio Version 17
VisualStudioVersion = 17.6.33829.357
MinimumVisualStudioVersion = 10.0.40219.1
Project("{FAE04EC0-301F-11D3-BF4B-00C04F79EFBC}") = "FormBuilderDB", "FormBuilderDB\FormBuilderDB.csproj", "{143F219F-811A-4D03-A30F-F32CAD083791}"
EndProject
Global
	GlobalSection(SolutionConfigurationPlatforms) = preSolution
		Debug|Any CPU = Debug|Any CPU
		Release|Any CPU = Release|Any CPU
	EndGlobalSection
	GlobalSection(ProjectConfigurationPlatforms) = postSolution
		{143F219F-811A-4D03-A30F-F32CAD083791}.Debug|Any CPU.ActiveCfg = Debug|Any CPU
		{143F219F-811A-4D03-A30F-F32CAD083791}.Debug|Any CPU.Build.0 = Debug|Any CPU
		{143F219F-811A-4D03-A30F-F32CAD083791}.Release|Any CPU.ActiveCfg = Release|Any CPU
		{143F219F-811A-4D03-A30F-F32CAD083791}.Release|Any CPU.Build.0 = Release|Any CPU
	EndGlobalSection
	GlobalSection(SolutionProperties) = preSolution
		HideSolutionNode = FALSE
	EndGlobalSection
	GlobalSection(ExtensibilityGlobals) = postSolution
		SolutionGuid = {9F5C388E-1C46-4237-81DF-022FBA868C12}
	EndGlobalSection
EndGlobal
